
Microsoft Visual Studio Solution File, Format Version 12.00
# Visual Studio Version 17
VisualStudioVersion = 17.7.34024.191
MinimumVisualStudioVersion = 10.0.40219.1
Project("{FAE04EC0-301F-11D3-BF4B-00C04F79EFBC}") = "Hashing", "Hashing\Hashing.csproj", "{901755C3-2738-46D5-ABF3-A41CCDD8B840}"
EndProject
Global
	GlobalSection(SolutionConfigurationPlatforms) = preSolution
		Debug|Any CPU = Debug|Any CPU
		Release|Any CPU = Release|Any CPU
	EndGlobalSection
	GlobalSection(ProjectConfigurationPlatforms) = postSolution
		{901755C3-2738-46D5-ABF3-A41CCDD8B840}.Debug|Any CPU.ActiveCfg = Debug|Any CPU
		{901755C3-2738-46D5-ABF3-A41CCDD8B840}.Debug|Any CPU.Build.0 = Debug|Any CPU
		{901755C3-2738-46D5-ABF3-A41CCDD8B840}.Release|Any CPU.ActiveCfg = Release|Any CPU
		{901755C3-2738-46D5-ABF3-A41CCDD8B840}.Release|Any CPU.Build.0 = Release|Any CPU
	EndGlobalSection
	GlobalSection(SolutionProperties) = preSolution
		HideSolutionNode = FALSE
	EndGlobalSection
	GlobalSection(ExtensibilityGlobals) = postSolution
		SolutionGuid = {8973913A-36BA-46EC-9421-D7C9218CE434}
	EndGlobalSection
EndGlobal
